
Microsoft Visual Studio Solution File, Format Version 12.00
# Visual Studio Version 16
VisualStudioVersion = 16.0.29230.47
MinimumVisualStudioVersion = 10.0.40219.1
Project("{FAE04EC0-301F-11D3-BF4B-00C04F79EFBC}") = "VentaDeRepuestos", "VentaDeRepuestos\VentaDeRepuestos.csproj", "{2881D39E-2A07-477F-B4E0-08CEE60953EF}"
EndProject
Global
	GlobalSection(SolutionConfigurationPlatforms) = preSolution
		Debug|Any CPU = Debug|Any CPU
		Release|Any CPU = Release|Any CPU
	EndGlobalSection
	GlobalSection(ProjectConfigurationPlatforms) = postSolution
		{2881D39E-2A07-477F-B4E0-08CEE60953EF}.Debug|Any CPU.ActiveCfg = Debug|Any CPU
		{2881D39E-2A07-477F-B4E0-08CEE60953EF}.Debug|Any CPU.Build.0 = Debug|Any CPU
		{2881D39E-2A07-477F-B4E0-08CEE60953EF}.Release|Any CPU.ActiveCfg = Release|Any CPU
		{2881D39E-2A07-477F-B4E0-08CEE60953EF}.Release|Any CPU.Build.0 = Release|Any CPU
	EndGlobalSection
	GlobalSection(SolutionProperties) = preSolution
		HideSolutionNode = FALSE
	EndGlobalSection
	GlobalSection(ExtensibilityGlobals) = postSolution
		SolutionGuid = {B0725533-D140-4974-B2EF-4169BF88A6A1}
	EndGlobalSection
EndGlobal
